# ═══════════════════════════════════════════════════════════════
# QCAL Environment Lock File
# Complete Environment Snapshot for Reproducibility
# ═══════════════════════════════════════════════════════════════
#
# This file captures the complete computational environment used
# for QCAL validation and Riemann Hypothesis proof verification.
#
# It ensures bit-for-bit reproducibility of:
#   - 141.7001 Hz spectral validations (GW150914/GW250114)
#   - Riemann Hypothesis (RH) proof verification
#   - Birch-Swinnerton-Dyer (BSD) validations
#   - Navier-Stokes (NS) demonstrations
#   - P vs NP spectral connections
#
# ═══════════════════════════════════════════════════════════════

# ───────────────────────────────────────────────────────────────
# SYSTEM INFORMATION
# ───────────────────────────────────────────────────────────────
#
# Operating System:    Linux
# OS Release:          6.11.0-1018-azure
# Linux Distribution:  Ubuntu 24.04.3 LTS
# Architecture:        x86_64
# Platform:            Linux-6.11.0-1018-azure-x86_64-with-glibc2.39
# Processor:           x86_64
#
# Python Version:      3.12.3
# Python Impl:         CPython
# Python Compiler:     GCC 13.3.0
#
# Generated:           2026-01-18T06:02:59+00:00
#
# ───────────────────────────────────────────────────────────────
# MATHEMATICAL TOOLS & TOOLCHAIN
# ───────────────────────────────────────────────────────────────
#
# Lean 4:              Not installed
# Git:                 2.52.0
# GCC:                 13.3.0
#
# ───────────────────────────────────────────────────────────────
# QCAL ∞³ CONFIGURATION
# ───────────────────────────────────────────────────────────────
#
# Frequency:           141.7001 Hz
# Coherence C:         C = 244.36
# Universal C:         629.83
# Coherence C':        244.36
#
# ───────────────────────────────────────────────────────────────
# DATASET CHECKSUMS (SHA-256)
# ───────────────────────────────────────────────────────────────
#
# These checksums ensure validation data integrity and exact
# reproducibility of numerical results.
#
# .qcal_beacon:
#   11c387af6a258ab9d7b20978b75e81be8181d6f03d089c48fb16f8acb9f5f06e
# Evac_Rpsi_data.csv:
#   412ab7ba54a5041ff12324650e8936995795c6abb7cfdb97d7a765a2c4ce7869
# data/critical_line_verification.csv:
#   4d7c030b07fde4a88d6f2c9c78054f8aa93cd78a8bef9eafe11f0d8ea93435c3
# data/error_profile.json:
#   83e31e26529bab79983026213f697501037fb7e99065d4374b25016549a98caf
#
# ───────────────────────────────────────────────────────────────
# PYTHON PACKAGES (70 packages)
# ───────────────────────────────────────────────────────────────
#
# Source: requirements-lock.txt
#
# To verify integrity:
#   python verify_environment_integrity.py
#
# To regenerate:
#   python generate_env_lock.py
#
# ───────────────────────────────────────────────────────────────

bottleneck==1.4.2
certifi==2025.11.12
charset-normalizer==3.4.4
contourpy==1.3.3
coverage==7.12.0
cycler==0.12.1
fastjsonschema==2.21.2
ibm-cloud-sdk-core==3.24.2
ibm-platform-services==0.71.0
idna==3.11
iniconfig==2.3.0
ipykernel==7.0.1
ipython==9.6.0
ipywidgets==8.1.7
jax==0.4.38
jaxlib==0.4.38
joblib==1.5.2
jupyter==1.0.0
jupyter-client==8.6.3
jupyter-core==5.9.1
jupyter-server==2.17.0
jupyterlab==4.4.8
kiwisolver==1.4.9
llvmlite==0.45.0
matplotlib==3.10.7
mistune==2.0.5
mpmath==1.3.0
nbconvert==7.16.6
nbformat==5.10.4
networkx==3.4.2
nlopt==2.9.1
notebook==7.4.1
numba==0.62.1
numexpr==2.10.2
numpy==2.0.2
opt-einsum==3.4.0
packaging==25.0
pathspec==0.12.1
patsy==1.0.1
pillow==12.0.0
platformdirs==4.5.0
pluggy==1.6.0
psutil==7.1.3
pycparser==2.23
pydantic==2.9.2
pydantic-core==2.23.4
pyspnego==0.12.0
pytest==9.0.1
pytest-cov==7.0.0
pytest-rerunfailures==14.0
python-dateutil==2.9.0.post0
python-igraph==0.11.8
pytokens==0.3.0
qiskit==2.2.3
qiskit-aer==0.17.2
qiskit-ibm-runtime==0.43.1
requests==2.32.4
requests-ntlm==1.3.0
rustworkx==0.17.1
scikit-learn==1.5.2
scipy==1.16.3
sparse==0.15.4
statsmodels==0.14.4
stevedore==5.6.0
symengine==0.13.0
sympy==1.14
tensorly==0.8.1
urllib3==2.6.0
websocket-client==1.9.0
xgboost==2.1.3

# ═══════════════════════════════════════════════════════════════
# END OF ENV.lock
# ═══════════════════════════════════════════════════════════════
#
# This environment snapshot guarantees reproducibility for:
#   • Riemann Hypothesis proof verification
#   • QCAL ∞³ spectral validations (141.7001 Hz)
#   • GW150914 and GW250114 gravitational wave analysis
#   • BSD, P vs NP, and other mathematical validations
#
# For external auditors: This file acts as a 'hash of reality',
# ensuring that validation results (e.g., 18.2σ detections,
# Lean 4 builds without 'sorry') are not dependent on hidden
# environmental changes.
#
# Author: José Manuel Mota Burruezo Ψ ✧ ∞³
# Institution: Instituto de Conciencia Cuántica (ICQ)
# License: Creative Commons BY-NC-SA 4.0
#
# ═══════════════════════════════════════════════════════════════
